
Microsoft Visual Studio Solution File, Format Version 12.00
# Visual Studio Version 16
VisualStudioVersion = 16.0.31005.135
MinimumVisualStudioVersion = 10.0.40219.1
Project("{FAE04EC0-301F-11D3-BF4B-00C04F79EFBC}") = "Proyecto.Android", "Proyecto\Proyecto.Android\Proyecto.Android.csproj", "{63B7552B-D2D5-4209-881C-B13A91189C64}"
EndProject
Project("{FAE04EC0-301F-11D3-BF4B-00C04F79EFBC}") = "Proyecto.iOS", "Proyecto\Proyecto.iOS\Proyecto.iOS.csproj", "{5071E787-42B2-4DE4-9B28-2E70F781B977}"
EndProject
Project("{FAE04EC0-301F-11D3-BF4B-00C04F79EFBC}") = "Proyecto", "Proyecto\Proyecto\Proyecto.csproj", "{9EAE8983-85B8-49AE-B0D7-D1A810DDA147}"
EndProject
Global
	GlobalSection(SolutionConfigurationPlatforms) = preSolution
		Debug|Any CPU = Debug|Any CPU
		Debug|iPhone = Debug|iPhone
		Debug|iPhoneSimulator = Debug|iPhoneSimulator
		Release|Any CPU = Release|Any CPU
		Release|iPhone = Release|iPhone
		Release|iPhoneSimulator = Release|iPhoneSimulator
	EndGlobalSection
	GlobalSection(ProjectConfigurationPlatforms) = postSolution
		{63B7552B-D2D5-4209-881C-B13A91189C64}.Debug|Any CPU.ActiveCfg = Debug|Any CPU
		{63B7552B-D2D5-4209-881C-B13A91189C64}.Debug|Any CPU.Build.0 = Debug|Any CPU
		{63B7552B-D2D5-4209-881C-B13A91189C64}.Debug|Any CPU.Deploy.0 = Debug|Any CPU
		{63B7552B-D2D5-4209-881C-B13A91189C64}.Debug|iPhone.ActiveCfg = Debug|Any CPU
		{63B7552B-D2D5-4209-881C-B13A91189C64}.Debug|iPhone.Build.0 = Debug|Any CPU
		{63B7552B-D2D5-4209-881C-B13A91189C64}.Debug|iPhone.Deploy.0 = Debug|Any CPU
		{63B7552B-D2D5-4209-881C-B13A91189C64}.Debug|iPhoneSimulator.ActiveCfg = Debug|Any CPU
		{63B7552B-D2D5-4209-881C-B13A91189C64}.Debug|iPhoneSimulator.Build.0 = Debug|Any CPU
		{63B7552B-D2D5-4209-881C-B13A91189C64}.Debug|iPhoneSimulator.Deploy.0 = Debug|Any CPU
		{63B7552B-D2D5-4209-881C-B13A91189C64}.Release|Any CPU.ActiveCfg = Release|Any CPU
		{63B7552B-D2D5-4209-881C-B13A91189C64}.Release|Any CPU.Build.0 = Release|Any CPU
		{63B7552B-D2D5-4209-881C-B13A91189C64}.Release|Any CPU.Deploy.0 = Release|Any CPU
		{63B7552B-D2D5-4209-881C-B13A91189C64}.Release|iPhone.ActiveCfg = Release|Any CPU
		{63B7552B-D2D5-4209-881C-B13A91189C64}.Release|iPhone.Build.0 = Release|Any CPU
		{63B7552B-D2D5-4209-881C-B13A91189C64}.Release|iPhone.Deploy.0 = Release|Any CPU
		{63B7552B-D2D5-4209-881C-B13A91189C64}.Release|iPhoneSimulator.ActiveCfg = Release|Any CPU
		{63B7552B-D2D5-4209-881C-B13A91189C64}.Release|iPhoneSimulator.Build.0 = Release|Any CPU
		{63B7552B-D2D5-4209-881C-B13A91189C64}.Release|iPhoneSimulator.Deploy.0 = Release|Any CPU
		{5071E787-42B2-4DE4-9B28-2E70F781B977}.Debug|Any CPU.ActiveCfg = Debug|iPhone
		{5071E787-42B2-4DE4-9B28-2E70F781B977}.Debug|Any CPU.Build.0 = Debug|iPhone
		{5071E787-42B2-4DE4-9B28-2E70F781B977}.Debug|Any CPU.Deploy.0 = Debug|iPhone
		{5071E787-42B2-4DE4-9B28-2E70F781B977}.Debug|iPhone.ActiveCfg = Debug|iPhone
		{5071E787-42B2-4DE4-9B28-2E70F781B977}.Debug|iPhone.Build.0 = Debug|iPhone
		{5071E787-42B2-4DE4-9B28-2E70F781B977}.Debug|iPhone.Deploy.0 = Debug|iPhone
		{5071E787-42B2-4DE4-9B28-2E70F781B977}.Debug|iPhoneSimulator.ActiveCfg = Debug|iPhoneSimulator
		{5071E787-42B2-4DE4-9B28-2E70F781B977}.Debug|iPhoneSimulator.Build.0 = Debug|iPhoneSimulator
		{5071E787-42B2-4DE4-9B28-2E70F781B977}.Debug|iPhoneSimulator.Deploy.0 = Debug|iPhoneSimulator
		{5071E787-42B2-4DE4-9B28-2E70F781B977}.Release|Any CPU.ActiveCfg = Release|iPhoneSimulator
		{5071E787-42B2-4DE4-9B28-2E70F781B977}.Release|Any CPU.Build.0 = Release|iPhoneSimulator
		{5071E787-42B2-4DE4-9B28-2E70F781B977}.Release|Any CPU.Deploy.0 = Release|iPhoneSimulator
		{5071E787-42B2-4DE4-9B28-2E70F781B977}.Release|iPhone.ActiveCfg = Release|iPhone
		{5071E787-42B2-4DE4-9B28-2E70F781B977}.Release|iPhone.Build.0 = Release|iPhone
		{5071E787-42B2-4DE4-9B28-2E70F781B977}.Release|iPhone.Deploy.0 = Release|iPhone
		{5071E787-42B2-4DE4-9B28-2E70F781B977}.Release|iPhoneSimulator.ActiveCfg = Release|iPhoneSimulator
		{5071E787-42B2-4DE4-9B28-2E70F781B977}.Release|iPhoneSimulator.Build.0 = Release|iPhoneSimulator
		{5071E787-42B2-4DE4-9B28-2E70F781B977}.Release|iPhoneSimulator.Deploy.0 = Release|iPhoneSimulator
		{9EAE8983-85B8-49AE-B0D7-D1A810DDA147}.Debug|Any CPU.ActiveCfg = Debug|Any CPU
		{9EAE8983-85B8-49AE-B0D7-D1A810DDA147}.Debug|Any CPU.Build.0 = Debug|Any CPU
		{9EAE8983-85B8-49AE-B0D7-D1A810DDA147}.Debug|Any CPU.Deploy.0 = Debug|Any CPU
		{9EAE8983-85B8-49AE-B0D7-D1A810DDA147}.Debug|iPhone.ActiveCfg = Debug|Any CPU
		{9EAE8983-85B8-49AE-B0D7-D1A810DDA147}.Debug|iPhone.Build.0 = Debug|Any CPU
		{9EAE8983-85B8-49AE-B0D7-D1A810DDA147}.Debug|iPhone.Deploy.0 = Debug|Any CPU
		{9EAE8983-85B8-49AE-B0D7-D1A810DDA147}.Debug|iPhoneSimulator.ActiveCfg = Debug|Any CPU
		{9EAE8983-85B8-49AE-B0D7-D1A810DDA147}.Debug|iPhoneSimulator.Build.0 = Debug|Any CPU
		{9EAE8983-85B8-49AE-B0D7-D1A810DDA147}.Debug|iPhoneSimulator.Deploy.0 = Debug|Any CPU
		{9EAE8983-85B8-49AE-B0D7-D1A810DDA147}.Release|Any CPU.ActiveCfg = Release|Any CPU
		{9EAE8983-85B8-49AE-B0D7-D1A810DDA147}.Release|Any CPU.Build.0 = Release|Any CPU
		{9EAE8983-85B8-49AE-B0D7-D1A810DDA147}.Release|Any CPU.Deploy.0 = Release|Any CPU
		{9EAE8983-85B8-49AE-B0D7-D1A810DDA147}.Release|iPhone.ActiveCfg = Release|Any CPU
		{9EAE8983-85B8-49AE-B0D7-D1A810DDA147}.Release|iPhone.Build.0 = Release|Any CPU
		{9EAE8983-85B8-49AE-B0D7-D1A810DDA147}.Release|iPhone.Deploy.0 = Release|Any CPU
		{9EAE8983-85B8-49AE-B0D7-D1A810DDA147}.Release|iPhoneSimulator.ActiveCfg = Release|Any CPU
		{9EAE8983-85B8-49AE-B0D7-D1A810DDA147}.Release|iPhoneSimulator.Build.0 = Release|Any CPU
		{9EAE8983-85B8-49AE-B0D7-D1A810DDA147}.Release|iPhoneSimulator.Deploy.0 = Release|Any CPU
	EndGlobalSection
	GlobalSection(SolutionProperties) = preSolution
		HideSolutionNode = FALSE
	EndGlobalSection
	GlobalSection(ExtensibilityGlobals) = postSolution
		SolutionGuid = {9F9A7961-31C7-4783-9461-AF2F29DE5B09}
	EndGlobalSection
EndGlobal
