
Microsoft Visual Studio Solution File, Format Version 12.00
# Visual Studio Version 16
VisualStudioVersion = 16.0.30907.101
MinimumVisualStudioVersion = 10.0.40219.1
Project("{FAE04EC0-301F-11D3-BF4B-00C04F79EFBC}") = "Proyecto Xamarin.Android", "Proyecto Xamarin\Proyecto Xamarin.Android\Proyecto Xamarin.Android.csproj", "{3FED75D9-40A7-4B4E-9FF8-6955237B207D}"
EndProject
Project("{FAE04EC0-301F-11D3-BF4B-00C04F79EFBC}") = "Proyecto Xamarin.iOS", "Proyecto Xamarin\Proyecto Xamarin.iOS\Proyecto Xamarin.iOS.csproj", "{D82DCE38-F363-420B-9D3B-E80053746153}"
EndProject
Project("{FAE04EC0-301F-11D3-BF4B-00C04F79EFBC}") = "Proyecto Xamarin", "Proyecto Xamarin\Proyecto Xamarin\Proyecto Xamarin.csproj", "{CD7923E5-BA9B-4804-A217-E76A88771361}"
EndProject
Global
	GlobalSection(SolutionConfigurationPlatforms) = preSolution
		Debug|Any CPU = Debug|Any CPU
		Debug|iPhone = Debug|iPhone
		Debug|iPhoneSimulator = Debug|iPhoneSimulator
		Release|Any CPU = Release|Any CPU
		Release|iPhone = Release|iPhone
		Release|iPhoneSimulator = Release|iPhoneSimulator
	EndGlobalSection
	GlobalSection(ProjectConfigurationPlatforms) = postSolution
		{3FED75D9-40A7-4B4E-9FF8-6955237B207D}.Debug|Any CPU.ActiveCfg = Debug|Any CPU
		{3FED75D9-40A7-4B4E-9FF8-6955237B207D}.Debug|Any CPU.Build.0 = Debug|Any CPU
		{3FED75D9-40A7-4B4E-9FF8-6955237B207D}.Debug|Any CPU.Deploy.0 = Debug|Any CPU
		{3FED75D9-40A7-4B4E-9FF8-6955237B207D}.Debug|iPhone.ActiveCfg = Debug|Any CPU
		{3FED75D9-40A7-4B4E-9FF8-6955237B207D}.Debug|iPhone.Build.0 = Debug|Any CPU
		{3FED75D9-40A7-4B4E-9FF8-6955237B207D}.Debug|iPhone.Deploy.0 = Debug|Any CPU
		{3FED75D9-40A7-4B4E-9FF8-6955237B207D}.Debug|iPhoneSimulator.ActiveCfg = Debug|Any CPU
		{3FED75D9-40A7-4B4E-9FF8-6955237B207D}.Debug|iPhoneSimulator.Build.0 = Debug|Any CPU
		{3FED75D9-40A7-4B4E-9FF8-6955237B207D}.Debug|iPhoneSimulator.Deploy.0 = Debug|Any CPU
		{3FED75D9-40A7-4B4E-9FF8-6955237B207D}.Release|Any CPU.ActiveCfg = Release|Any CPU
		{3FED75D9-40A7-4B4E-9FF8-6955237B207D}.Release|Any CPU.Build.0 = Release|Any CPU
		{3FED75D9-40A7-4B4E-9FF8-6955237B207D}.Release|Any CPU.Deploy.0 = Release|Any CPU
		{3FED75D9-40A7-4B4E-9FF8-6955237B207D}.Release|iPhone.ActiveCfg = Release|Any CPU
		{3FED75D9-40A7-4B4E-9FF8-6955237B207D}.Release|iPhone.Build.0 = Release|Any CPU
		{3FED75D9-40A7-4B4E-9FF8-6955237B207D}.Release|iPhone.Deploy.0 = Release|Any CPU
		{3FED75D9-40A7-4B4E-9FF8-6955237B207D}.Release|iPhoneSimulator.ActiveCfg = Release|Any CPU
		{3FED75D9-40A7-4B4E-9FF8-6955237B207D}.Release|iPhoneSimulator.Build.0 = Release|Any CPU
		{3FED75D9-40A7-4B4E-9FF8-6955237B207D}.Release|iPhoneSimulator.Deploy.0 = Release|Any CPU
		{D82DCE38-F363-420B-9D3B-E80053746153}.Debug|Any CPU.ActiveCfg = Debug|iPhone
		{D82DCE38-F363-420B-9D3B-E80053746153}.Debug|Any CPU.Build.0 = Debug|iPhone
		{D82DCE38-F363-420B-9D3B-E80053746153}.Debug|Any CPU.Deploy.0 = Debug|iPhone
		{D82DCE38-F363-420B-9D3B-E80053746153}.Debug|iPhone.ActiveCfg = Debug|iPhone
		{D82DCE38-F363-420B-9D3B-E80053746153}.Debug|iPhone.Build.0 = Debug|iPhone
		{D82DCE38-F363-420B-9D3B-E80053746153}.Debug|iPhone.Deploy.0 = Debug|iPhone
		{D82DCE38-F363-420B-9D3B-E80053746153}.Debug|iPhoneSimulator.ActiveCfg = Debug|iPhoneSimulator
		{D82DCE38-F363-420B-9D3B-E80053746153}.Debug|iPhoneSimulator.Build.0 = Debug|iPhoneSimulator
		{D82DCE38-F363-420B-9D3B-E80053746153}.Debug|iPhoneSimulator.Deploy.0 = Debug|iPhoneSimulator
		{D82DCE38-F363-420B-9D3B-E80053746153}.Release|Any CPU.ActiveCfg = Release|iPhoneSimulator
		{D82DCE38-F363-420B-9D3B-E80053746153}.Release|Any CPU.Build.0 = Release|iPhoneSimulator
		{D82DCE38-F363-420B-9D3B-E80053746153}.Release|Any CPU.Deploy.0 = Release|iPhoneSimulator
		{D82DCE38-F363-420B-9D3B-E80053746153}.Release|iPhone.ActiveCfg = Release|iPhone
		{D82DCE38-F363-420B-9D3B-E80053746153}.Release|iPhone.Build.0 = Release|iPhone
		{D82DCE38-F363-420B-9D3B-E80053746153}.Release|iPhone.Deploy.0 = Release|iPhone
		{D82DCE38-F363-420B-9D3B-E80053746153}.Release|iPhoneSimulator.ActiveCfg = Release|iPhoneSimulator
		{D82DCE38-F363-420B-9D3B-E80053746153}.Release|iPhoneSimulator.Build.0 = Release|iPhoneSimulator
		{D82DCE38-F363-420B-9D3B-E80053746153}.Release|iPhoneSimulator.Deploy.0 = Release|iPhoneSimulator
		{CD7923E5-BA9B-4804-A217-E76A88771361}.Debug|Any CPU.ActiveCfg = Debug|Any CPU
		{CD7923E5-BA9B-4804-A217-E76A88771361}.Debug|Any CPU.Build.0 = Debug|Any CPU
		{CD7923E5-BA9B-4804-A217-E76A88771361}.Debug|Any CPU.Deploy.0 = Debug|Any CPU
		{CD7923E5-BA9B-4804-A217-E76A88771361}.Debug|iPhone.ActiveCfg = Debug|Any CPU
		{CD7923E5-BA9B-4804-A217-E76A88771361}.Debug|iPhone.Build.0 = Debug|Any CPU
		{CD7923E5-BA9B-4804-A217-E76A88771361}.Debug|iPhone.Deploy.0 = Debug|Any CPU
		{CD7923E5-BA9B-4804-A217-E76A88771361}.Debug|iPhoneSimulator.ActiveCfg = Debug|Any CPU
		{CD7923E5-BA9B-4804-A217-E76A88771361}.Debug|iPhoneSimulator.Build.0 = Debug|Any CPU
		{CD7923E5-BA9B-4804-A217-E76A88771361}.Debug|iPhoneSimulator.Deploy.0 = Debug|Any CPU
		{CD7923E5-BA9B-4804-A217-E76A88771361}.Release|Any CPU.ActiveCfg = Release|Any CPU
		{CD7923E5-BA9B-4804-A217-E76A88771361}.Release|Any CPU.Build.0 = Release|Any CPU
		{CD7923E5-BA9B-4804-A217-E76A88771361}.Release|Any CPU.Deploy.0 = Release|Any CPU
		{CD7923E5-BA9B-4804-A217-E76A88771361}.Release|iPhone.ActiveCfg = Release|Any CPU
		{CD7923E5-BA9B-4804-A217-E76A88771361}.Release|iPhone.Build.0 = Release|Any CPU
		{CD7923E5-BA9B-4804-A217-E76A88771361}.Release|iPhone.Deploy.0 = Release|Any CPU
		{CD7923E5-BA9B-4804-A217-E76A88771361}.Release|iPhoneSimulator.ActiveCfg = Release|Any CPU
		{CD7923E5-BA9B-4804-A217-E76A88771361}.Release|iPhoneSimulator.Build.0 = Release|Any CPU
		{CD7923E5-BA9B-4804-A217-E76A88771361}.Release|iPhoneSimulator.Deploy.0 = Release|Any CPU
	EndGlobalSection
	GlobalSection(SolutionProperties) = preSolution
		HideSolutionNode = FALSE
	EndGlobalSection
	GlobalSection(ExtensibilityGlobals) = postSolution
		SolutionGuid = {B5A6F35E-81B4-450A-AC64-E8F4AE884974}
	EndGlobalSection
EndGlobal
